
Microsoft Visual Studio Solution File, Format Version 12.00
# Visual Studio Version 17
VisualStudioVersion = 17.2.32602.215
MinimumVisualStudioVersion = 10.0.40219.1
Project("{FAE04EC0-301F-11D3-BF4B-00C04F79EFBC}") = "1506Homework", "1506Homework\1506Homework.csproj", "{AFC91DEC-6E31-4051-BE2C-390802DC3820}"
EndProject
Global
	GlobalSection(SolutionConfigurationPlatforms) = preSolution
		Debug|Any CPU = Debug|Any CPU
		Release|Any CPU = Release|Any CPU
	EndGlobalSection
	GlobalSection(ProjectConfigurationPlatforms) = postSolution
		{AFC91DEC-6E31-4051-BE2C-390802DC3820}.Debug|Any CPU.ActiveCfg = Debug|Any CPU
		{AFC91DEC-6E31-4051-BE2C-390802DC3820}.Debug|Any CPU.Build.0 = Debug|Any CPU
		{AFC91DEC-6E31-4051-BE2C-390802DC3820}.Release|Any CPU.ActiveCfg = Release|Any CPU
		{AFC91DEC-6E31-4051-BE2C-390802DC3820}.Release|Any CPU.Build.0 = Release|Any CPU
	EndGlobalSection
	GlobalSection(SolutionProperties) = preSolution
		HideSolutionNode = FALSE
	EndGlobalSection
	GlobalSection(ExtensibilityGlobals) = postSolution
		SolutionGuid = {E04803EA-64F7-4C61-BEA9-00277370243F}
	EndGlobalSection
EndGlobal
